
Microsoft Visual Studio Solution File, Format Version 12.00
# Visual Studio 15
VisualStudioVersion = 15.0.26124.0
MinimumVisualStudioVersion = 15.0.26124.0
Project("{9A19103F-16F7-4668-BE54-9A1E7A4F7556}") = "BaseProject.Web", "BaseProject.Web\BaseProject.Web.csproj", "{980F995E-3A5D-44B5-B6BF-2F1E19D2A997}"
EndProject
Project("{9A19103F-16F7-4668-BE54-9A1E7A4F7556}") = "BaseProject.Bll", "BaseProject.Bll\BaseProject.Bll.csproj", "{E0F1D517-FCDD-4E80-9EE5-71EA464E0684}"
EndProject
Project("{9A19103F-16F7-4668-BE54-9A1E7A4F7556}") = "BaseProject.Data", "BaseProject.Data\BaseProject.Data.csproj", "{C14AFDB4-5653-4E3B-9D62-AAAFE8A52EFE}"
EndProject
Project("{FAE04EC0-301F-11D3-BF4B-00C04F79EFBC}") = "BaseProject.Test", "BaseProject.Test\BaseProject.Test.csproj", "{0FA23381-F302-4E89-93AE-585B81E584D1}"
EndProject
Global
	GlobalSection(SolutionConfigurationPlatforms) = preSolution
		Debug|Any CPU = Debug|Any CPU
		Debug|x64 = Debug|x64
		Debug|x86 = Debug|x86
		Release|Any CPU = Release|Any CPU
		Release|x64 = Release|x64
		Release|x86 = Release|x86
	EndGlobalSection
	GlobalSection(ProjectConfigurationPlatforms) = postSolution
		{980F995E-3A5D-44B5-B6BF-2F1E19D2A997}.Debug|Any CPU.ActiveCfg = Debug|Any CPU
		{980F995E-3A5D-44B5-B6BF-2F1E19D2A997}.Debug|Any CPU.Build.0 = Debug|Any CPU
		{980F995E-3A5D-44B5-B6BF-2F1E19D2A997}.Debug|x64.ActiveCfg = Debug|Any CPU
		{980F995E-3A5D-44B5-B6BF-2F1E19D2A997}.Debug|x64.Build.0 = Debug|Any CPU
		{980F995E-3A5D-44B5-B6BF-2F1E19D2A997}.Debug|x86.ActiveCfg = Debug|Any CPU
		{980F995E-3A5D-44B5-B6BF-2F1E19D2A997}.Debug|x86.Build.0 = Debug|Any CPU
		{980F995E-3A5D-44B5-B6BF-2F1E19D2A997}.Release|Any CPU.ActiveCfg = Release|Any CPU
		{980F995E-3A5D-44B5-B6BF-2F1E19D2A997}.Release|Any CPU.Build.0 = Release|Any CPU
		{980F995E-3A5D-44B5-B6BF-2F1E19D2A997}.Release|x64.ActiveCfg = Release|Any CPU
		{980F995E-3A5D-44B5-B6BF-2F1E19D2A997}.Release|x64.Build.0 = Release|Any CPU
		{980F995E-3A5D-44B5-B6BF-2F1E19D2A997}.Release|x86.ActiveCfg = Release|Any CPU
		{980F995E-3A5D-44B5-B6BF-2F1E19D2A997}.Release|x86.Build.0 = Release|Any CPU
		{E0F1D517-FCDD-4E80-9EE5-71EA464E0684}.Debug|Any CPU.ActiveCfg = Debug|Any CPU
		{E0F1D517-FCDD-4E80-9EE5-71EA464E0684}.Debug|Any CPU.Build.0 = Debug|Any CPU
		{E0F1D517-FCDD-4E80-9EE5-71EA464E0684}.Debug|x64.ActiveCfg = Debug|Any CPU
		{E0F1D517-FCDD-4E80-9EE5-71EA464E0684}.Debug|x64.Build.0 = Debug|Any CPU
		{E0F1D517-FCDD-4E80-9EE5-71EA464E0684}.Debug|x86.ActiveCfg = Debug|Any CPU
		{E0F1D517-FCDD-4E80-9EE5-71EA464E0684}.Debug|x86.Build.0 = Debug|Any CPU
		{E0F1D517-FCDD-4E80-9EE5-71EA464E0684}.Release|Any CPU.ActiveCfg = Release|Any CPU
		{E0F1D517-FCDD-4E80-9EE5-71EA464E0684}.Release|Any CPU.Build.0 = Release|Any CPU
		{E0F1D517-FCDD-4E80-9EE5-71EA464E0684}.Release|x64.ActiveCfg = Release|Any CPU
		{E0F1D517-FCDD-4E80-9EE5-71EA464E0684}.Release|x64.Build.0 = Release|Any CPU
		{E0F1D517-FCDD-4E80-9EE5-71EA464E0684}.Release|x86.ActiveCfg = Release|Any CPU
		{E0F1D517-FCDD-4E80-9EE5-71EA464E0684}.Release|x86.Build.0 = Release|Any CPU
		{C14AFDB4-5653-4E3B-9D62-AAAFE8A52EFE}.Debug|Any CPU.ActiveCfg = Debug|Any CPU
		{C14AFDB4-5653-4E3B-9D62-AAAFE8A52EFE}.Debug|Any CPU.Build.0 = Debug|Any CPU
		{C14AFDB4-5653-4E3B-9D62-AAAFE8A52EFE}.Debug|x64.ActiveCfg = Debug|Any CPU
		{C14AFDB4-5653-4E3B-9D62-AAAFE8A52EFE}.Debug|x64.Build.0 = Debug|Any CPU
		{C14AFDB4-5653-4E3B-9D62-AAAFE8A52EFE}.Debug|x86.ActiveCfg = Debug|Any CPU
		{C14AFDB4-5653-4E3B-9D62-AAAFE8A52EFE}.Debug|x86.Build.0 = Debug|Any CPU
		{C14AFDB4-5653-4E3B-9D62-AAAFE8A52EFE}.Release|Any CPU.ActiveCfg = Release|Any CPU
		{C14AFDB4-5653-4E3B-9D62-AAAFE8A52EFE}.Release|Any CPU.Build.0 = Release|Any CPU
		{C14AFDB4-5653-4E3B-9D62-AAAFE8A52EFE}.Release|x64.ActiveCfg = Release|Any CPU
		{C14AFDB4-5653-4E3B-9D62-AAAFE8A52EFE}.Release|x64.Build.0 = Release|Any CPU
		{C14AFDB4-5653-4E3B-9D62-AAAFE8A52EFE}.Release|x86.ActiveCfg = Release|Any CPU
		{C14AFDB4-5653-4E3B-9D62-AAAFE8A52EFE}.Release|x86.Build.0 = Release|Any CPU
		{0FA23381-F302-4E89-93AE-585B81E584D1}.Debug|Any CPU.ActiveCfg = Debug|Any CPU
		{0FA23381-F302-4E89-93AE-585B81E584D1}.Debug|Any CPU.Build.0 = Debug|Any CPU
		{0FA23381-F302-4E89-93AE-585B81E584D1}.Debug|x64.ActiveCfg = Debug|Any CPU
		{0FA23381-F302-4E89-93AE-585B81E584D1}.Debug|x64.Build.0 = Debug|Any CPU
		{0FA23381-F302-4E89-93AE-585B81E584D1}.Debug|x86.ActiveCfg = Debug|Any CPU
		{0FA23381-F302-4E89-93AE-585B81E584D1}.Debug|x86.Build.0 = Debug|Any CPU
		{0FA23381-F302-4E89-93AE-585B81E584D1}.Release|Any CPU.ActiveCfg = Release|Any CPU
		{0FA23381-F302-4E89-93AE-585B81E584D1}.Release|Any CPU.Build.0 = Release|Any CPU
		{0FA23381-F302-4E89-93AE-585B81E584D1}.Release|x64.ActiveCfg = Release|Any CPU
		{0FA23381-F302-4E89-93AE-585B81E584D1}.Release|x64.Build.0 = Release|Any CPU
		{0FA23381-F302-4E89-93AE-585B81E584D1}.Release|x86.ActiveCfg = Release|Any CPU
		{0FA23381-F302-4E89-93AE-585B81E584D1}.Release|x86.Build.0 = Release|Any CPU
	EndGlobalSection
	GlobalSection(SolutionProperties) = preSolution
		HideSolutionNode = FALSE
	EndGlobalSection
	GlobalSection(ExtensibilityGlobals) = postSolution
		SolutionGuid = {6B6F0A31-53A6-41CE-8504-551D3F1C278F}
	EndGlobalSection
EndGlobal
